
Microsoft Visual Studio Solution File, Format Version 12.00
# Visual Studio 15
VisualStudioVersion = 15.0.26430.16
MinimumVisualStudioVersion = 10.0.40219.1
Project("{9A19103F-16F7-4668-BE54-9A1E7A4F7556}") = "FoodRatings.Api.Tests", "FoodRatings.Api.Test\FoodRatings.Api.Tests.csproj", "{44BC4C73-1F22-44B8-A5D9-7EFB4B83483F}"
EndProject
Project("{9A19103F-16F7-4668-BE54-9A1E7A4F7556}") = "FoodRatings.Api", "FoodRatings.Api\FoodRatings.Api.csproj", "{8CEA0599-559F-4E07-ADD7-73CD201757A3}"
EndProject
Project("{2150E333-8FDC-42A3-9474-1A3956D46DE8}") = "Solution Items", "Solution Items", "{59AE71EB-FD78-4089-9058-EE4CEDDE8FB3}"
	ProjectSection(SolutionItems) = preProject
		README.md = README.md
	EndProjectSection
EndProject
Global
	GlobalSection(SolutionConfigurationPlatforms) = preSolution
		Debug|Any CPU = Debug|Any CPU
		Release|Any CPU = Release|Any CPU
	EndGlobalSection
	GlobalSection(ProjectConfigurationPlatforms) = postSolution
		{44BC4C73-1F22-44B8-A5D9-7EFB4B83483F}.Debug|Any CPU.ActiveCfg = Debug|Any CPU
		{44BC4C73-1F22-44B8-A5D9-7EFB4B83483F}.Debug|Any CPU.Build.0 = Debug|Any CPU
		{44BC4C73-1F22-44B8-A5D9-7EFB4B83483F}.Release|Any CPU.ActiveCfg = Release|Any CPU
		{44BC4C73-1F22-44B8-A5D9-7EFB4B83483F}.Release|Any CPU.Build.0 = Release|Any CPU
		{8CEA0599-559F-4E07-ADD7-73CD201757A3}.Debug|Any CPU.ActiveCfg = Debug|Any CPU
		{8CEA0599-559F-4E07-ADD7-73CD201757A3}.Debug|Any CPU.Build.0 = Debug|Any CPU
		{8CEA0599-559F-4E07-ADD7-73CD201757A3}.Release|Any CPU.ActiveCfg = Release|Any CPU
		{8CEA0599-559F-4E07-ADD7-73CD201757A3}.Release|Any CPU.Build.0 = Release|Any CPU
	EndGlobalSection
	GlobalSection(SolutionProperties) = preSolution
		HideSolutionNode = FALSE
	EndGlobalSection
	GlobalSection(ExtensibilityGlobals) = postSolution
		SolutionGuid = {5D99F4BB-F369-44A2-8138-732D92D23F1F}
	EndGlobalSection
EndGlobal
